{
  "projects": [
    {
      "projectId": "ryigQvYu19ygnoy3uho1cD",
      "version": "latest",
      "dependencies": {},
      "lang": "ts",
      "fileLocks": [
        {
          "type": "globalVariant",
          "assetId": "vH68WipUZ0tj",
          "checksum": "d9798b5a9f4257f54e975836b2e794e0"
        },
        {
          "type": "renderModule",
          "assetId": "JjnjqRD_H8EA",
          "checksum": "aec34caff290e28857de579418cb65f8"
        },
        {
          "type": "cssRules",
          "assetId": "JjnjqRD_H8EA",
          "checksum": "aec34caff290e28857de579418cb65f8"
        },
        {
          "type": "renderModule",
          "assetId": "mnzamsirDgt2",
          "checksum": "7200ceecc8d5de033582c562513eeb26"
        },
        {
          "type": "cssRules",
          "assetId": "mnzamsirDgt2",
          "checksum": "7200ceecc8d5de033582c562513eeb26"
        },
        {
          "type": "renderModule",
          "assetId": "nPwEx6GLwm-X",
          "checksum": "f53ab11bac27a7d5c4a3a5073c238c87"
        },
        {
          "type": "cssRules",
          "assetId": "nPwEx6GLwm-X",
          "checksum": "f53ab11bac27a7d5c4a3a5073c238c87"
        },
        {
          "type": "icon",
          "assetId": "jx9C0ZbPUTiL",
          "checksum": "78e6c197380cf5cf2fa24b95178ac11b"
        },
        {
          "type": "icon",
          "assetId": "Q8VEKYx1lhVM",
          "checksum": "04681cf4307fc892d46762186ad297b1"
        },
        {
          "assetId": "ryigQvYu19ygnoy3uho1cD",
          "type": "projectCss",
          "checksum": "5f928a1f5fe91c9d290b3dc2f617169e"
        }
      ],
      "codegenVersion": "0.0.1"
    }
  ],
  "cliVersion": "0.1.330"
}
