{
  "projects": [
    {
      "projectId": "ryigQvYu19ygnoy3uho1cD",
      "version": "latest",
      "dependencies": {},
      "lang": "ts",
      "fileLocks": [
        {
          "type": "globalVariant",
          "assetId": "vH68WipUZ0tj",
          "checksum": "d9798b5a9f4257f54e975836b2e794e0"
        },
        {
          "type": "renderModule",
          "assetId": "JjnjqRD_H8EA",
          "checksum": "e515df669f55067bca695a2510a69813"
        },
        {
          "type": "cssRules",
          "assetId": "JjnjqRD_H8EA",
          "checksum": "e515df669f55067bca695a2510a69813"
        },
        {
          "type": "renderModule",
          "assetId": "mnzamsirDgt2",
          "checksum": "7200ceecc8d5de033582c562513eeb26"
        },
        {
          "type": "cssRules",
          "assetId": "mnzamsirDgt2",
          "checksum": "7200ceecc8d5de033582c562513eeb26"
        },
        {
          "assetId": "ryigQvYu19ygnoy3uho1cD",
          "type": "projectCss",
          "checksum": "c3d8d7d3f53c281b04488ec967db906e"
        }
      ],
      "codegenVersion": "0.0.1"
    }
  ],
  "cliVersion": "0.1.330"
}
