{
  "projects": [
    {
      "projectId": "ryigQvYu19ygnoy3uho1cD",
      "version": "latest",
      "dependencies": {
        "ohDidvG9XsCeFumugENU3J": "6.24.0"
      },
      "lang": "ts",
      "fileLocks": [
        {
          "type": "globalVariant",
          "assetId": "vH68WipUZ0tj",
          "checksum": "d9798b5a9f4257f54e975836b2e794e0"
        },
        {
          "type": "renderModule",
          "assetId": "JjnjqRD_H8EA",
          "checksum": "df193902fb210f92cc9369bbe59fb416"
        },
        {
          "type": "cssRules",
          "assetId": "JjnjqRD_H8EA",
          "checksum": "df193902fb210f92cc9369bbe59fb416"
        },
        {
          "type": "renderModule",
          "assetId": "mnzamsirDgt2",
          "checksum": "73e5750d246eecbb8a90cb2de1c41735"
        },
        {
          "type": "cssRules",
          "assetId": "mnzamsirDgt2",
          "checksum": "73e5750d246eecbb8a90cb2de1c41735"
        },
        {
          "type": "renderModule",
          "assetId": "nPwEx6GLwm-X",
          "checksum": "fbd780a948334b5bd2ac084586d7cb15"
        },
        {
          "type": "cssRules",
          "assetId": "nPwEx6GLwm-X",
          "checksum": "fbd780a948334b5bd2ac084586d7cb15"
        },
        {
          "type": "icon",
          "assetId": "jx9C0ZbPUTiL",
          "checksum": "78e6c197380cf5cf2fa24b95178ac11b"
        },
        {
          "type": "icon",
          "assetId": "Q8VEKYx1lhVM",
          "checksum": "04681cf4307fc892d46762186ad297b1"
        },
        {
          "assetId": "ryigQvYu19ygnoy3uho1cD",
          "checksum": "1d2c76612191b1bdaa075ddb2012d6c8",
          "type": "globalContexts"
        },
        {
          "type": "renderModule",
          "assetId": "l9bvO8Lp_BTE",
          "checksum": "b0f6ef0e23a5726adab0025a3ff2e3eb"
        },
        {
          "type": "cssRules",
          "assetId": "l9bvO8Lp_BTE",
          "checksum": "b0f6ef0e23a5726adab0025a3ff2e3eb"
        },
        {
          "type": "icon",
          "assetId": "veshFowDL3cG",
          "checksum": "67657231ad9f402fe9319c48be1ad184"
        },
        {
          "assetId": "ryigQvYu19ygnoy3uho1cD",
          "type": "projectCss",
          "checksum": "5f928a1f5fe91c9d290b3dc2f617169e"
        },
        {
          "type": "renderModule",
          "assetId": "ybDLPtv2CFkL",
          "checksum": "c91f7f7bcd884ccecba77cc368a346e1"
        },
        {
          "type": "cssRules",
          "assetId": "ybDLPtv2CFkL",
          "checksum": "c91f7f7bcd884ccecba77cc368a346e1"
        }
      ],
      "codegenVersion": "0.0.1"
    },
    {
      "projectId": "ohDidvG9XsCeFumugENU3J",
      "version": "6.24.0",
      "dependencies": {},
      "lang": "ts",
      "fileLocks": [
        {
          "assetId": "ohDidvG9XsCeFumugENU3J",
          "type": "projectCss",
          "checksum": "fd83b730367fdbde2c69bc6cf31c2a3c"
        },
        {
          "assetId": "ohDidvG9XsCeFumugENU3J",
          "checksum": "de0a0e65174a6a185a8f822af51c6bdd",
          "type": "globalContexts"
        }
      ],
      "codegenVersion": "0.0.1"
    }
  ],
  "cliVersion": "0.1.330"
}
